# generated by rye
# use `rye lock` or `rye sync` to update this lockfile
#
# last locked with the following flags:
#   pre: false
#   features: []
#   all-features: false
#   with-sources: false

-e file:.
aiohappyeyeballs==2.4.4
    # via aiohttp
aiohttp==3.11.11
    # via torch-geometric
aiosignal==1.3.2
    # via aiohttp
attrs==24.3.0
    # via aiohttp
certifi==2024.12.14
    # via requests
charset-normalizer==3.4.1
    # via requests
contourpy==1.3.1
    # via matplotlib
cycler==0.12.1
    # via matplotlib
filelock==3.16.1
    # via torch
fonttools==4.55.3
    # via matplotlib
frozenlist==1.5.0
    # via aiohttp
    # via aiosignal
fsspec==2024.12.0
    # via torch
    # via torch-geometric
idna==3.10
    # via requests
    # via yarl
jinja2==3.1.5
    # via torch
    # via torch-geometric
kiwisolver==1.4.8
    # via matplotlib
markupsafe==3.0.2
    # via jinja2
matplotlib==3.10.0
    # via schedule-free-experiment
    # via seaborn
mpmath==1.3.0
    # via sympy
multidict==6.1.0
    # via aiohttp
    # via yarl
networkx==3.4.2
    # via torch
numpy==2.2.1
    # via contourpy
    # via matplotlib
    # via pandas
    # via schedule-free-experiment
    # via scipy
    # via seaborn
    # via torch-geometric
packaging==24.2
    # via matplotlib
pandas==2.2.3
    # via seaborn
pillow==11.0.0
    # via matplotlib
propcache==0.2.1
    # via aiohttp
    # via yarl
psutil==6.1.1
    # via torch-geometric
pyparsing==3.2.0
    # via matplotlib
    # via torch-geometric
python-dateutil==2.9.0.post0
    # via matplotlib
    # via pandas
pytz==2024.2
    # via pandas
requests==2.32.3
    # via torch-geometric
schedulefree==1.4
    # via schedule-free-experiment
scipy==1.14.1
    # via schedule-free-experiment
seaborn==0.13.2
    # via schedule-free-experiment
six==1.17.0
    # via python-dateutil
sympy==1.13.1
    # via torch
torch==2.5.1
    # via schedule-free-experiment
torch-geometric==2.6.1
    # via schedule-free-experiment
tqdm==4.67.1
    # via torch-geometric
typing-extensions==4.12.2
    # via torch
tzdata==2024.2
    # via pandas
urllib3==2.3.0
    # via requests
yarl==1.18.3
    # via aiohttp
